// !$*UTF8*$!
{
	archiveVersion = 1;
	classes = {
	};
	objectVersion = 48;
	objects = {

/* Begin PBXBuildFile section */
		929C9DC92077FF740054B72B /* AppDelegate.swift in Sources */ = {isa = PBXBuildFile; fileRef = 929C9DC82077FF740054B72B /* AppDelegate.swift */; };
		929C9DCE2077FF740054B72B /* Main.storyboard in Resources */ = {isa = PBXBuildFile; fileRef = 929C9DCC2077FF740054B72B /* Main.storyboard */; };
		929C9DD02077FF740054B72B /* Assets.xcassets in Resources */ = {isa = PBXBuildFile; fileRef = 929C9DCF2077FF740054B72B /* Assets.xcassets */; };
		929C9DD32077FF740054B72B /* LaunchScreen.storyboard in Resources */ = {isa = PBXBuildFile; fileRef = 929C9DD12077FF740054B72B /* LaunchScreen.storyboard */; };
		929C9DDE2077FF750054B72B /* Field_SurveyTests.swift in Sources */ = {isa = PBXBuildFile; fileRef = 929C9DDD2077FF750054B72B /* Field_SurveyTests.swift */; };
		929C9DE92077FF750054B72B /* Field_SurveyUITests.swift in Sources */ = {isa = PBXBuildFile; fileRef = 929C9DE82077FF750054B72B /* Field_SurveyUITests.swift */; };
/* End PBXBuildFile section */

/* Begin PBXContainerItemProxy section */
		929C9DDA2077FF740054B72B /* PBXContainerItemProxy */ = {
			isa = PBXContainerItemProxy;
			containerPortal = 929C9DBD2077FF740054B72B /* Project object */;
			proxyType = 1;
			remoteGlobalIDString = 929C9DC42077FF740054B72B;
			remoteInfo = "Field Survey";
		};
		929C9DE52077FF750054B72B /* PBXContainerItemProxy */ = {
			isa = PBXContainerItemProxy;
			containerPortal = 929C9DBD2077FF740054B72B /* Project object */;
			proxyType = 1;
			remoteGlobalIDString = 929C9DC42077FF740054B72B;
			remoteInfo = "Field Survey";
		};
/* End PBXContainerItemProxy section */

/* Begin PBXFileReference section */
		929C9DC52077FF740054B72B /* Field Survey.app */ = {isa = PBXFileReference; explicitFileType = wrapper.application; includeInIndex = 0; path = "Field Survey.app"; sourceTree = BUILT_PRODUCTS_DIR; };
		929C9DC82077FF740054B72B /* AppDelegate.swift */ = {isa = PBXFileReference; lastKnownFileType = sourcecode.swift; path = AppDelegate.swift; sourceTree = "<group>"; };
		929C9DCD2077FF740054B72B /* Base */ = {isa = PBXFileReference; lastKnownFileType = file.storyboard; name = Base; path = Base.lproj/Main.storyboard; sourceTree = "<group>"; };
		929C9DCF2077FF740054B72B /* Assets.xcassets */ = {isa = PBXFileReference; lastKnownFileType = folder.assetcatalog; path = Assets.xcassets; sourceTree = "<group>"; };
		929C9DD22077FF740054B72B /* Base */ = {isa = PBXFileReference; lastKnownFileType = file.storyboard; name = Base; path = Base.lproj/LaunchScreen.storyboard; sourceTree = "<group>"; };
		929C9DD42077FF740054B72B /* Info.plist */ = {isa = PBXFileReference; lastKnownFileType = text.plist.xml; path = Info.plist; sourceTree = "<group>"; };
		929C9DD92077FF740054B72B /* Field SurveyTests.xctest */ = {isa = PBXFileReference; explicitFileType = wrapper.cfbundle; includeInIndex = 0; path = "Field SurveyTests.xctest"; sourceTree = BUILT_PRODUCTS_DIR; };
		929C9DDD2077FF750054B72B /* Field_SurveyTests.swift */ = {isa = PBXFileReference; lastKnownFileType = sourcecode.swift; path = Field_SurveyTests.swift; sourceTree = "<group>"; };
		929C9DDF2077FF750054B72B /* Info.plist */ = {isa = PBXFileReference; lastKnownFileType = text.plist.xml; path = Info.plist; sourceTree = "<group>"; };
		929C9DE42077FF750054B72B /* Field SurveyUITests.xctest */ = {isa = PBXFileReference; explicitFileType = wrapper.cfbundle; includeInIndex = 0; path = "Field SurveyUITests.xctest"; sourceTree = BUILT_PRODUCTS_DIR; };
		929C9DE82077FF750054B72B /* Field_SurveyUITests.swift */ = {isa = PBXFileReference; lastKnownFileType = sourcecode.swift; path = Field_SurveyUITests.swift; sourceTree = "<group>"; };
		929C9DEA2077FF750054B72B /* Info.plist */ = {isa = PBXFileReference; lastKnownFileType = text.plist.xml; path = Info.plist; sourceTree = "<group>"; };
/* End PBXFileReference section */

/* Begin PBXFrameworksBuildPhase section */
		929C9DC22077FF740054B72B /* Frameworks */ = {
			isa = PBXFrameworksBuildPhase;
			buildActionMask = 2147483647;
			files = (
			);
			runOnlyForDeploymentPostprocessing = 0;
		};
		929C9DD62077FF740054B72B /* Frameworks */ = {
			isa = PBXFrameworksBuildPhase;
			buildActionMask = 2147483647;
			files = (
			);
			runOnlyForDeploymentPostprocessing = 0;
		};
		929C9DE12077FF750054B72B /* Frameworks */ = {
			isa = PBXFrameworksBuildPhase;
			buildActionMask = 2147483647;
			files = (
			);
			runOnlyForDeploymentPostprocessing = 0;
		};
/* End PBXFrameworksBuildPhase section */

/* Begin PBXGroup section */
		929C9DBC2077FF740054B72B = {
			isa = PBXGroup;
			children = (
				929C9DC72077FF740054B72B /* Field Survey */,
				929C9DDC2077FF740054B72B /* Field SurveyTests */,
				929C9DE72077FF750054B72B /* Field SurveyUITests */,
				929C9DC62077FF740054B72B /* Products */,
			);
			sourceTree = "<group>";
		};
		929C9DC62077FF740054B72B /* Products */ = {
			isa = PBXGroup;
			children = (
				929C9DC52077FF740054B72B /* Field Survey.app */,
				929C9DD92077FF740054B72B /* Field SurveyTests.xctest */,
				929C9DE42077FF750054B72B /* Field SurveyUITests.xctest */,
			);
			name = Products;
			sourceTree = "<group>";
		};
		929C9DC72077FF740054B72B /* Field Survey */ = {
			isa = PBXGroup;
			children = (
				929C9DC82077FF740054B72B /* AppDelegate.swift */,
				929C9DCC2077FF740054B72B /* Main.storyboard */,
				929C9DCF2077FF740054B72B /* Assets.xcassets */,
				929C9DD12077FF740054B72B /* LaunchScreen.storyboard */,
				929C9DD42077FF740054B72B /* Info.plist */,
			);
			path = "Field Survey";
			sourceTree = "<group>";
		};
		929C9DDC2077FF740054B72B /* Field SurveyTests */ = {
			isa = PBXGroup;
			children = (
				929C9DDD2077FF750054B72B /* Field_SurveyTests.swift */,
				929C9DDF2077FF750054B72B /* Info.plist */,
			);
			path = "Field SurveyTests";
			sourceTree = "<group>";
		};
		929C9DE72077FF750054B72B /* Field SurveyUITests */ = {
			isa = PBXGroup;
			children = (
				929C9DE82077FF750054B72B /* Field_SurveyUITests.swift */,
				929C9DEA2077FF750054B72B /* Info.plist */,
			);
			path = "Field SurveyUITests";
			sourceTree = "<group>";
		};
/* End PBXGroup section */

/* Begin PBXNativeTarget section */
		929C9DC42077FF740054B72B /* Field Survey */ = {
			isa = PBXNativeTarget;
			buildConfigurationList = 929C9DED2077FF750054B72B /* Build configuration list for PBXNativeTarget "Field Survey" */;
			buildPhases = (
				929C9DC12077FF740054B72B /* Sources */,
				929C9DC22077FF740054B72B /* Frameworks */,
				929C9DC32077FF740054B72B /* Resources */,
			);
			buildRules = (
			);
			dependencies = (
			);
			name = "Field Survey";
			productName = "Field Survey";
			productReference = 929C9DC52077FF740054B72B /* Field Survey.app */;
			productType = "com.apple.product-type.application";
		};
		929C9DD82077FF740054B72B /* Field SurveyTests */ = {
			isa = PBXNativeTarget;
			buildConfigurationList = 929C9DF02077FF750054B72B /* Build configuration list for PBXNativeTarget "Field SurveyTests" */;
			buildPhases = (
				929C9DD52077FF740054B72B /* Sources */,
				929C9DD62077FF740054B72B /* Frameworks */,
				929C9DD72077FF740054B72B /* Resources */,
			);
			buildRules = (
			);
			dependencies = (
				929C9DDB2077FF740054B72B /* PBXTargetDependency */,
			);
			name = "Field SurveyTests";
			productName = "Field SurveyTests";
			productReference = 929C9DD92077FF740054B72B /* Field SurveyTests.xctest */;
			productType = "com.apple.product-type.bundle.unit-test";
		};
		929C9DE32077FF750054B72B /* Field SurveyUITests */ = {
			isa = PBXNativeTarget;
			buildConfigurationList = 929C9DF32077FF750054B72B /* Build configuration list for PBXNativeTarget "Field SurveyUITests" */;
			buildPhases = (
				929C9DE02077FF750054B72B /* Sources */,
				929C9DE12077FF750054B72B /* Frameworks */,
				929C9DE22077FF750054B72B /* Resources */,
			);
			buildRules = (
			);
			dependencies = (
				929C9DE62077FF750054B72B /* PBXTargetDependency */,
			);
			name = "Field SurveyUITests";
			productName = "Field SurveyUITests";
			productReference = 929C9DE42077FF750054B72B /* Field SurveyUITests.xctest */;
			productType = "com.apple.product-type.bundle.ui-testing";
		};
/* End PBXNativeTarget section */

/* Begin PBXProject section */
		929C9DBD2077FF740054B72B /* Project object */ = {
			isa = PBXProject;
			attributes = {
				LastSwiftUpdateCheck = 0920;
				LastUpgradeCheck = 0920;
				ORGANIZATIONNAME = Mizzou;
				TargetAttributes = {
					929C9DC42077FF740054B72B = {
						CreatedOnToolsVersion = 9.2;
						ProvisioningStyle = Automatic;
					};
					929C9DD82077FF740054B72B = {
						CreatedOnToolsVersion = 9.2;
						ProvisioningStyle = Automatic;
						TestTargetID = 929C9DC42077FF740054B72B;
					};
					929C9DE32077FF750054B72B = {
						CreatedOnToolsVersion = 9.2;
						ProvisioningStyle = Automatic;
						TestTargetID = 929C9DC42077FF740054B72B;
					};
				};
			};
			buildConfigurationList = 929C9DC02077FF740054B72B /* Build configuration list for PBXProject "Field Survey" */;
			compatibilityVersion = "Xcode 8.0";
			developmentRegion = en;
			hasScannedForEncodings = 0;
			knownRegions = (
				en,
				Base,
			);
			mainGroup = 929C9DBC2077FF740054B72B;
			productRefGroup = 929C9DC62077FF740054B72B /* Products */;
			projectDirPath = "";
			projectRoot = "";
			targets = (
				929C9DC42077FF740054B72B /* Field Survey */,
				929C9DD82077FF740054B72B /* Field SurveyTests */,
				929C9DE32077FF750054B72B /* Field SurveyUITests */,
			);
		};
/* End PBXProject section */

/* Begin PBXResourcesBuildPhase section */
		929C9DC32077FF740054B72B /* Resources */ = {
			isa = PBXResourcesBuildPhase;
			buildActionMask = 2147483647;
			files = (
				929C9DD32077FF740054B72B /* LaunchScreen.storyboard in Resources */,
				929C9DD02077FF740054B72B /* Assets.xcassets in Resources */,
				929C9DCE2077FF740054B72B /* Main.storyboard in Resources */,
			);
			runOnlyForDeploymentPostprocessing = 0;
		};
		929C9DD72077FF740054B72B /* Resources */ = {
			isa = PBXResourcesBuildPhase;
			buildActionMask = 2147483647;
			files = (
			);
			runOnlyForDeploymentPostprocessing = 0;
		};
		929C9DE22077FF750054B72B /* Resources */ = {
			isa = PBXResourcesBuildPhase;
			buildActionMask = 2147483647;
			files = (
			);
			runOnlyForDeploymentPostprocessing = 0;
		};
/* End PBXResourcesBuildPhase section */

/* Begin PBXSourcesBuildPhase section */
		929C9DC12077FF740054B72B /* Sources */ = {
			isa = PBXSourcesBuildPhase;
			buildActionMask = 2147483647;
			files = (
				929C9DC92077FF740054B72B /* AppDelegate.swift in Sources */,
			);
			runOnlyForDeploymentPostprocessing = 0;
		};
		929C9DD52077FF740054B72B /* Sources */ = {
			isa = PBXSourcesBuildPhase;
			buildActionMask = 2147483647;
			files = (
				929C9DDE2077FF750054B72B /* Field_SurveyTests.swift in Sources */,
			);
			runOnlyForDeploymentPostprocessing = 0;
		};
		929C9DE02077FF750054B72B /* Sources */ = {
			isa = PBXSourcesBuildPhase;
			buildActionMask = 2147483647;
			files = (
				929C9DE92077FF750054B72B /* Field_SurveyUITests.swift in Sources */,
			);
			runOnlyForDeploymentPostprocessing = 0;
		};
/* End PBXSourcesBuildPhase section */

/* Begin PBXTargetDependency section */
		929C9DDB2077FF740054B72B /* PBXTargetDependency */ = {
			isa = PBXTargetDependency;
			target = 929C9DC42077FF740054B72B /* Field Survey */;
			targetProxy = 929C9DDA2077FF740054B72B /* PBXContainerItemProxy */;
		};
		929C9DE62077FF750054B72B /* PBXTargetDependency */ = {
			isa = PBXTargetDependency;
			target = 929C9DC42077FF740054B72B /* Field Survey */;
			targetProxy = 929C9DE52077FF750054B72B /* PBXContainerItemProxy */;
		};
/* End PBXTargetDependency section */

/* Begin PBXVariantGroup section */
		929C9DCC2077FF740054B72B /* Main.storyboard */ = {
			isa = PBXVariantGroup;
			children = (
				929C9DCD2077FF740054B72B /* Base */,
			);
			name = Main.storyboard;
			sourceTree = "<group>";
		};
		929C9DD12077FF740054B72B /* LaunchScreen.storyboard */ = {
			isa = PBXVariantGroup;
			children = (
				929C9DD22077FF740054B72B /* Base */,
			);
			name = LaunchScreen.storyboard;
			sourceTree = "<group>";
		};
/* End PBXVariantGroup section */

/* Begin XCBuildConfiguration section */
		929C9DEB2077FF750054B72B /* Debug */ = {
			isa = XCBuildConfiguration;
			buildSettings = {
				ALWAYS_SEARCH_USER_PATHS = NO;
				CLANG_ANALYZER_NONNULL = YES;
				CLANG_ANALYZER_NUMBER_OBJECT_CONVERSION = YES_AGGRESSIVE;
				CLANG_CXX_LANGUAGE_STANDARD = "gnu++14";
				CLANG_CXX_LIBRARY = "libc++";
				CLANG_ENABLE_MODULES = YES;
				CLANG_ENABLE_OBJC_ARC = YES;
				CLANG_WARN_BLOCK_CAPTURE_AUTORELEASING = YES;
				CLANG_WARN_BOOL_CONVERSION = YES;
				CLANG_WARN_COMMA = YES;
				CLANG_WARN_CONSTANT_CONVERSION = YES;
				CLANG_WARN_DIRECT_OBJC_ISA_USAGE = YES_ERROR;
				CLANG_WARN_DOCUMENTATION_COMMENTS = YES;
				CLANG_WARN_EMPTY_BODY = YES;
				CLANG_WARN_ENUM_CONVERSION = YES;
				CLANG_WARN_INFINITE_RECURSION = YES;
				CLANG_WARN_INT_CONVERSION = YES;
				CLANG_WARN_NON_LITERAL_NULL_CONVERSION = YES;
				CLANG_WARN_OBJC_LITERAL_CONVERSION = YES;
				CLANG_WARN_OBJC_ROOT_CLASS = YES_ERROR;
				CLANG_WARN_RANGE_LOOP_ANALYSIS = YES;
				CLANG_WARN_STRICT_PROTOTYPES = YES;
				CLANG_WARN_SUSPICIOUS_MOVE = YES;
				CLANG_WARN_UNGUARDED_AVAILABILITY = YES_AGGRESSIVE;
				CLANG_WARN_UNREACHABLE_CODE = YES;
				CLANG_WARN__DUPLICATE_METHOD_MATCH = YES;
				CODE_SIGN_IDENTITY = "iPhone Developer";
				COPY_PHASE_STRIP = NO;
				DEBUG_INFORMATION_FORMAT = dwarf;
				ENABLE_STRICT_OBJC_MSGSEND = YES;
				ENABLE_TESTABILITY = YES;
				GCC_C_LANGUAGE_STANDARD = gnu11;
				GCC_DYNAMIC_NO_PIC = NO;
				GCC_NO_COMMON_BLOCKS = YES;
				GCC_OPTIMIZATION_LEVEL = 0;
				GCC_PREPROCESSOR_DEFINITIONS = (
					"DEBUG=1",
					"$(inherited)",
				);
				GCC_WARN_64_TO_32_BIT_CONVERSION = YES;
				GCC_WARN_ABOUT_RETURN_TYPE = YES_ERROR;
				GCC_WARN_UNDECLARED_SELECTOR = YES;
				GCC_WARN_UNINITIALIZED_AUTOS = YES_AGGRESSIVE;
				GCC_WARN_UNUSED_FUNCTION = YES;
				GCC_WARN_UNUSED_VARIABLE = YES;
				IPHONEOS_DEPLOYMENT_TARGET = 11.2;
				MTL_ENABLE_DEBUG_INFO = YES;
				ONLY_ACTIVE_ARCH = YES;
				SDKROOT = iphoneos;
				SWIFT_ACTIVE_COMPILATION_CONDITIONS = DEBUG;
				SWIFT_OPTIMIZATION_LEVEL = "-Onone";
			};
			name = Debug;
		};
		929C9DEC2077FF750054B72B /* Release */ = {
			isa = XCBuildConfiguration;
			buildSettings = {
				ALWAYS_SEARCH_USER_PATHS = NO;
				CLANG_ANALYZER_NONNULL = YES;
				CLANG_ANALYZER_NUMBER_OBJECT_CONVERSION = YES_AGGRESSIVE;
				CLANG_CXX_LANGUAGE_STANDARD = "gnu++14";
				CLANG_CXX_LIBRARY = "libc++";
				CLANG_ENABLE_MODULES = YES;
				CLANG_ENABLE_OBJC_ARC = YES;
				CLANG_WARN_BLOCK_CAPTURE_AUTORELEASING = YES;
				CLANG_WARN_BOOL_CONVERSION = YES;
				CLANG_WARN_COMMA = YES;
				CLANG_WARN_CONSTANT_CONVERSION = YES;
				CLANG_WARN_DIRECT_OBJC_ISA_USAGE = YES_ERROR;
				CLANG_WARN_DOCUMENTATION_COMMENTS = YES;
				CLANG_WARN_EMPTY_BODY = YES;
				CLANG_WARN_ENUM_CONVERSION = YES;
				CLANG_WARN_INFINITE_RECURSION = YES;
				CLANG_WARN_INT_CONVERSION = YES;
				CLANG_WARN_NON_LITERAL_NULL_CONVERSION = YES;
				CLANG_WARN_OBJC_LITERAL_CONVERSION = YES;
				CLANG_WARN_OBJC_ROOT_CLASS = YES_ERROR;
				CLANG_WARN_RANGE_LOOP_ANALYSIS = YES;
				CLANG_WARN_STRICT_PROTOTYPES = YES;
				CLANG_WARN_SUSPICIOUS_MOVE = YES;
				CLANG_WARN_UNGUARDED_AVAILABILITY = YES_AGGRESSIVE;
				CLANG_WARN_UNREACHABLE_CODE = YES;
				CLANG_WARN__DUPLICATE_METHOD_MATCH = YES;
				CODE_SIGN_IDENTITY = "iPhone Developer";
				COPY_PHASE_STRIP = NO;
				DEBUG_INFORMATION_FORMAT = "dwarf-with-dsym";
				ENABLE_NS_ASSERTIONS = NO;
				ENABLE_STRICT_OBJC_MSGSEND = YES;
				GCC_C_LANGUAGE_STANDARD = gnu11;
				GCC_NO_COMMON_BLOCKS = YES;
				GCC_WARN_64_TO_32_BIT_CONVERSION = YES;
				GCC_WARN_ABOUT_RETURN_TYPE = YES_ERROR;
				GCC_WARN_UNDECLARED_SELECTOR = YES;
				GCC_WARN_UNINITIALIZED_AUTOS = YES_AGGRESSIVE;
				GCC_WARN_UNUSED_FUNCTION = YES;
				GCC_WARN_UNUSED_VARIABLE = YES;
				IPHONEOS_DEPLOYMENT_TARGET = 11.2;
				MTL_ENABLE_DEBUG_INFO = NO;
				SDKROOT = iphoneos;
				SWIFT_OPTIMIZATION_LEVEL = "-Owholemodule";
				VALIDATE_PRODUCT = YES;
			};
			name = Release;
		};
		929C9DEE2077FF750054B72B /* Debug */ = {
			isa = XCBuildConfiguration;
			buildSettings = {
				ASSETCATALOG_COMPILER_APPICON_NAME = AppIcon;
				CODE_SIGN_STYLE = Automatic;
				DEVELOPMENT_TEAM = 6PE2M6NJ95;
				INFOPLIST_FILE = "Field Survey/Info.plist";
				LD_RUNPATH_SEARCH_PATHS = "$(inherited) @executable_path/Frameworks";
				PRODUCT_BUNDLE_IDENTIFIER = "ZachWatson.Field-Survey";
				PRODUCT_NAME = "$(TARGET_NAME)";
				SWIFT_VERSION = 4.0;
				TARGETED_DEVICE_FAMILY = "1,2";
			};
			name = Debug;
		};
		929C9DEF2077FF750054B72B /* Release */ = {
			isa = XCBuildConfiguration;
			buildSettings = {
				ASSETCATALOG_COMPILER_APPICON_NAME = AppIcon;
				CODE_SIGN_STYLE = Automatic;
				DEVELOPMENT_TEAM = 6PE2M6NJ95;
				INFOPLIST_FILE = "Field Survey/Info.plist";
				LD_RUNPATH_SEARCH_PATHS = "$(inherited) @executable_path/Frameworks";
				PRODUCT_BUNDLE_IDENTIFIER = "ZachWatson.Field-Survey";
				PRODUCT_NAME = "$(TARGET_NAME)";
				SWIFT_VERSION = 4.0;
				TARGETED_DEVICE_FAMILY = "1,2";
			};
			name = Release;
		};
		929C9DF12077FF750054B72B /* Debug */ = {
			isa = XCBuildConfiguration;
			buildSettings = {
				ALWAYS_EMBED_SWIFT_STANDARD_LIBRARIES = YES;
				BUNDLE_LOADER = "$(TEST_HOST)";
				CODE_SIGN_STYLE = Automatic;
				DEVELOPMENT_TEAM = 6PE2M6NJ95;
				INFOPLIST_FILE = "Field SurveyTests/Info.plist";
				LD_RUNPATH_SEARCH_PATHS = "$(inherited) @executable_path/Frameworks @loader_path/Frameworks";
				PRODUCT_BUNDLE_IDENTIFIER = "ZachWatson.Field-SurveyTests";
				PRODUCT_NAME = "$(TARGET_NAME)";
				SWIFT_VERSION = 4.0;
				TARGETED_DEVICE_FAMILY = "1,2";
				TEST_HOST = "$(BUILT_PRODUCTS_DIR)/Field Survey.app/Field Survey";
			};
			name = Debug;
		};
		929C9DF22077FF750054B72B /* Release */ = {
			isa = XCBuildConfiguration;
			buildSettings = {
				ALWAYS_EMBED_SWIFT_STANDARD_LIBRARIES = YES;
				BUNDLE_LOADER = "$(TEST_HOST)";
				CODE_SIGN_STYLE = Automatic;
				DEVELOPMENT_TEAM = 6PE2M6NJ95;
				INFOPLIST_FILE = "Field SurveyTests/Info.plist";
				LD_RUNPATH_SEARCH_PATHS = "$(inherited) @executable_path/Frameworks @loader_path/Frameworks";
				PRODUCT_BUNDLE_IDENTIFIER = "ZachWatson.Field-SurveyTests";
				PRODUCT_NAME = "$(TARGET_NAME)";
				SWIFT_VERSION = 4.0;
				TARGETED_DEVICE_FAMILY = "1,2";
				TEST_HOST = "$(BUILT_PRODUCTS_DIR)/Field Survey.app/Field Survey";
			};
			name = Release;
		};
		929C9DF42077FF750054B72B /* Debug */ = {
			isa = XCBuildConfiguration;
			buildSettings = {
				ALWAYS_EMBED_SWIFT_STANDARD_LIBRARIES = YES;
				CODE_SIGN_STYLE = Automatic;
				DEVELOPMENT_TEAM = 6PE2M6NJ95;
				INFOPLIST_FILE = "Field SurveyUITests/Info.plist";
				LD_RUNPATH_SEARCH_PATHS = "$(inherited) @executable_path/Frameworks @loader_path/Frameworks";
				PRODUCT_BUNDLE_IDENTIFIER = "ZachWatson.Field-SurveyUITests";
				PRODUCT_NAME = "$(TARGET_NAME)";
				SWIFT_VERSION = 4.0;
				TARGETED_DEVICE_FAMILY = "1,2";
				TEST_TARGET_NAME = "Field Survey";
			};
			name = Debug;
		};
		929C9DF52077FF750054B72B /* Release */ = {
			isa = XCBuildConfiguration;
			buildSettings = {
				ALWAYS_EMBED_SWIFT_STANDARD_LIBRARIES = YES;
				CODE_SIGN_STYLE = Automatic;
				DEVELOPMENT_TEAM = 6PE2M6NJ95;
				INFOPLIST_FILE = "Field SurveyUITests/Info.plist";
				LD_RUNPATH_SEARCH_PATHS = "$(inherited) @executable_path/Frameworks @loader_path/Frameworks";
				PRODUCT_BUNDLE_IDENTIFIER = "ZachWatson.Field-SurveyUITests";
				PRODUCT_NAME = "$(TARGET_NAME)";
				SWIFT_VERSION = 4.0;
				TARGETED_DEVICE_FAMILY = "1,2";
				TEST_TARGET_NAME = "Field Survey";
			};
			name = Release;
		};
/* End XCBuildConfiguration section */

/* Begin XCConfigurationList section */
		929C9DC02077FF740054B72B /* Build configuration list for PBXProject "Field Survey" */ = {
			isa = XCConfigurationList;
			buildConfigurations = (
				929C9DEB2077FF750054B72B /* Debug */,
				929C9DEC2077FF750054B72B /* Release */,
			);
			defaultConfigurationIsVisible = 0;
			defaultConfigurationName = Release;
		};
		929C9DED2077FF750054B72B /* Build configuration list for PBXNativeTarget "Field Survey" */ = {
			isa = XCConfigurationList;
			buildConfigurations = (
				929C9DEE2077FF750054B72B /* Debug */,
				929C9DEF2077FF750054B72B /* Release */,
			);
			defaultConfigurationIsVisible = 0;
			defaultConfigurationName = Release;
		};
		929C9DF02077FF750054B72B /* Build configuration list for PBXNativeTarget "Field SurveyTests" */ = {
			isa = XCConfigurationList;
			buildConfigurations = (
				929C9DF12077FF750054B72B /* Debug */,
				929C9DF22077FF750054B72B /* Release */,
			);
			defaultConfigurationIsVisible = 0;
			defaultConfigurationName = Release;
		};
		929C9DF32077FF750054B72B /* Build configuration list for PBXNativeTarget "Field SurveyUITests" */ = {
			isa = XCConfigurationList;
			buildConfigurations = (
				929C9DF42077FF750054B72B /* Debug */,
				929C9DF52077FF750054B72B /* Release */,
			);
			defaultConfigurationIsVisible = 0;
			defaultConfigurationName = Release;
		};
/* End XCConfigurationList section */
	};
	rootObject = 929C9DBD2077FF740054B72B /* Project object */;
}
